
Microsoft Visual Studio Solution File, Format Version 12.00
# Visual Studio Version 16
VisualStudioVersion = 16.0.30114.105
MinimumVisualStudioVersion = 10.0.40219.1
Project("{FAE04EC0-301F-11D3-BF4B-00C04F79EFBC}") = "M6 EAI Scrapping Output", "M6 EAI Scrapping Output.csproj", "{DE878554-540F-42D8-993F-DD88B697EEE7}"
EndProject
Global
	GlobalSection(SolutionConfigurationPlatforms) = preSolution
		Debug|Any CPU = Debug|Any CPU
		Release|Any CPU = Release|Any CPU
	EndGlobalSection
	GlobalSection(ProjectConfigurationPlatforms) = postSolution
		{DE878554-540F-42D8-993F-DD88B697EEE7}.Debug|Any CPU.ActiveCfg = Debug|Any CPU
		{DE878554-540F-42D8-993F-DD88B697EEE7}.Debug|Any CPU.Build.0 = Debug|Any CPU
		{DE878554-540F-42D8-993F-DD88B697EEE7}.Release|Any CPU.ActiveCfg = Release|Any CPU
		{DE878554-540F-42D8-993F-DD88B697EEE7}.Release|Any CPU.Build.0 = Release|Any CPU
	EndGlobalSection
	GlobalSection(SolutionProperties) = preSolution
		HideSolutionNode = FALSE
	EndGlobalSection
	GlobalSection(ExtensibilityGlobals) = postSolution
		SolutionGuid = {083DBE49-469A-4CBE-B49D-9ADE6EDF93DF}
	EndGlobalSection
EndGlobal
